
Microsoft Visual Studio Solution File, Format Version 12.00
# Visual Studio Version 16
VisualStudioVersion = 16.0.30114.105
MinimumVisualStudioVersion = 10.0.40219.1
Project("{FAE04EC0-301F-11D3-BF4B-00C04F79EFBC}") = "RestfulService", "RestfulService\RestfulService.csproj", "{49953A56-CD44-41E7-A615-5C9ACB76C2DF}"
EndProject
Project("{FAE04EC0-301F-11D3-BF4B-00C04F79EFBC}") = "RestfulService.Domain", "RestfulService.Domain\RestfulService.Domain.csproj", "{C05F5B59-F061-4B96-8E80-41AF8B4CB0E4}"
EndProject
Project("{FAE04EC0-301F-11D3-BF4B-00C04F79EFBC}") = "RestfulService.Infrastructure", "RestfulService.Infrastructure\RestfulService.Infrastructure.csproj", "{FB10C9C1-C7F9-480B-9FDF-2C5438981BAF}"
EndProject
Global
	GlobalSection(SolutionConfigurationPlatforms) = preSolution
		Debug|Any CPU = Debug|Any CPU
		Release|Any CPU = Release|Any CPU
	EndGlobalSection
	GlobalSection(ProjectConfigurationPlatforms) = postSolution
		{49953A56-CD44-41E7-A615-5C9ACB76C2DF}.Debug|Any CPU.ActiveCfg = Debug|Any CPU
		{49953A56-CD44-41E7-A615-5C9ACB76C2DF}.Debug|Any CPU.Build.0 = Debug|Any CPU
		{49953A56-CD44-41E7-A615-5C9ACB76C2DF}.Release|Any CPU.ActiveCfg = Release|Any CPU
		{49953A56-CD44-41E7-A615-5C9ACB76C2DF}.Release|Any CPU.Build.0 = Release|Any CPU
		{C05F5B59-F061-4B96-8E80-41AF8B4CB0E4}.Debug|Any CPU.ActiveCfg = Debug|Any CPU
		{C05F5B59-F061-4B96-8E80-41AF8B4CB0E4}.Debug|Any CPU.Build.0 = Debug|Any CPU
		{C05F5B59-F061-4B96-8E80-41AF8B4CB0E4}.Release|Any CPU.ActiveCfg = Release|Any CPU
		{C05F5B59-F061-4B96-8E80-41AF8B4CB0E4}.Release|Any CPU.Build.0 = Release|Any CPU
		{FB10C9C1-C7F9-480B-9FDF-2C5438981BAF}.Debug|Any CPU.ActiveCfg = Debug|Any CPU
		{FB10C9C1-C7F9-480B-9FDF-2C5438981BAF}.Debug|Any CPU.Build.0 = Debug|Any CPU
		{FB10C9C1-C7F9-480B-9FDF-2C5438981BAF}.Release|Any CPU.ActiveCfg = Release|Any CPU
		{FB10C9C1-C7F9-480B-9FDF-2C5438981BAF}.Release|Any CPU.Build.0 = Release|Any CPU
	EndGlobalSection
	GlobalSection(SolutionProperties) = preSolution
		HideSolutionNode = FALSE
	EndGlobalSection
	GlobalSection(ExtensibilityGlobals) = postSolution
		SolutionGuid = {181EF54C-1E6E-43B3-8D79-3144B4C0BCE6}
	EndGlobalSection
EndGlobal
